
Microsoft Visual Studio Solution File, Format Version 12.00
# Visual Studio Version 16
VisualStudioVersion = 16.0.33214.272
MinimumVisualStudioVersion = 10.0.40219.1
Project("{FAE04EC0-301F-11D3-BF4B-00C04F79EFBC}") = "CoolEvents", "CoolEvents\CoolEvents.csproj", "{07CD653D-DD41-45E5-BED0-38852E26473F}"
EndProject
Global
	GlobalSection(SolutionConfigurationPlatforms) = preSolution
		Debug|Any CPU = Debug|Any CPU
		Release|Any CPU = Release|Any CPU
	EndGlobalSection
	GlobalSection(ProjectConfigurationPlatforms) = postSolution
		{07CD653D-DD41-45E5-BED0-38852E26473F}.Debug|Any CPU.ActiveCfg = Debug|Any CPU
		{07CD653D-DD41-45E5-BED0-38852E26473F}.Debug|Any CPU.Build.0 = Debug|Any CPU
		{07CD653D-DD41-45E5-BED0-38852E26473F}.Release|Any CPU.ActiveCfg = Release|Any CPU
		{07CD653D-DD41-45E5-BED0-38852E26473F}.Release|Any CPU.Build.0 = Release|Any CPU
	EndGlobalSection
	GlobalSection(SolutionProperties) = preSolution
		HideSolutionNode = FALSE
	EndGlobalSection
	GlobalSection(ExtensibilityGlobals) = postSolution
		SolutionGuid = {731FEE70-953C-4874-9414-2A767F197215}
	EndGlobalSection
EndGlobal
